// !$*UTF8*$!
{
	archiveVersion = 1;
	classes = {
	};
	objectVersion = 56;
	objects = {

/* Begin PBXBuildFile section */
		85938C922B7EA3BC00B1452A /* MultiCurrencyMoney.framework in Frameworks */ = {isa = PBXBuildFile; fileRef = 85938C892B7EA3BB00B1452A /* MultiCurrencyMoney.framework */; };
		85938C972B7EA3BC00B1452A /* MultiCurrencyMoneyTests.swift in Sources */ = {isa = PBXBuildFile; fileRef = 85938C962B7EA3BC00B1452A /* MultiCurrencyMoneyTests.swift */; };
		85938C982B7EA3BC00B1452A /* MultiCurrencyMoney.h in Headers */ = {isa = PBXBuildFile; fileRef = 85938C8C2B7EA3BB00B1452A /* MultiCurrencyMoney.h */; settings = {ATTRIBUTES = (Public, ); }; };
/* End PBXBuildFile section */

/* Begin PBXContainerItemProxy section */
		85938C932B7EA3BC00B1452A /* PBXContainerItemProxy */ = {
			isa = PBXContainerItemProxy;
			containerPortal = 85938C802B7EA3BB00B1452A /* Project object */;
			proxyType = 1;
			remoteGlobalIDString = 85938C882B7EA3BB00B1452A;
			remoteInfo = MultiCurrencyMoney;
		};
/* End PBXContainerItemProxy section */

/* Begin PBXFileReference section */
		85938C892B7EA3BB00B1452A /* MultiCurrencyMoney.framework */ = {isa = PBXFileReference; explicitFileType = wrapper.framework; includeInIndex = 0; path = MultiCurrencyMoney.framework; sourceTree = BUILT_PRODUCTS_DIR; };
		85938C8C2B7EA3BB00B1452A /* MultiCurrencyMoney.h */ = {isa = PBXFileReference; lastKnownFileType = sourcecode.c.h; path = MultiCurrencyMoney.h; sourceTree = "<group>"; };
		85938C912B7EA3BC00B1452A /* MultiCurrencyMoneyTests.xctest */ = {isa = PBXFileReference; explicitFileType = wrapper.cfbundle; includeInIndex = 0; path = MultiCurrencyMoneyTests.xctest; sourceTree = BUILT_PRODUCTS_DIR; };
		85938C962B7EA3BC00B1452A /* MultiCurrencyMoneyTests.swift */ = {isa = PBXFileReference; lastKnownFileType = sourcecode.swift; path = MultiCurrencyMoneyTests.swift; sourceTree = "<group>"; };
/* End PBXFileReference section */

/* Begin PBXFrameworksBuildPhase section */
		85938C862B7EA3BB00B1452A /* Frameworks */ = {
			isa = PBXFrameworksBuildPhase;
			buildActionMask = 2147483647;
			files = (
			);
			runOnlyForDeploymentPostprocessing = 0;
		};
		85938C8E2B7EA3BC00B1452A /* Frameworks */ = {
			isa = PBXFrameworksBuildPhase;
			buildActionMask = 2147483647;
			files = (
				85938C922B7EA3BC00B1452A /* MultiCurrencyMoney.framework in Frameworks */,
			);
			runOnlyForDeploymentPostprocessing = 0;
		};
/* End PBXFrameworksBuildPhase section */

/* Begin PBXGroup section */
		85938C7F2B7EA3BB00B1452A = {
			isa = PBXGroup;
			children = (
				85938C8B2B7EA3BB00B1452A /* MultiCurrencyMoney */,
				85938C952B7EA3BC00B1452A /* MultiCurrencyMoneyTests */,
				85938C8A2B7EA3BB00B1452A /* Products */,
			);
			sourceTree = "<group>";
		};
		85938C8A2B7EA3BB00B1452A /* Products */ = {
			isa = PBXGroup;
			children = (
				85938C892B7EA3BB00B1452A /* MultiCurrencyMoney.framework */,
				85938C912B7EA3BC00B1452A /* MultiCurrencyMoneyTests.xctest */,
			);
			name = Products;
			sourceTree = "<group>";
		};
		85938C8B2B7EA3BB00B1452A /* MultiCurrencyMoney */ = {
			isa = PBXGroup;
			children = (
				85938C8C2B7EA3BB00B1452A /* MultiCurrencyMoney.h */,
			);
			path = MultiCurrencyMoney;
			sourceTree = "<group>";
		};
		85938C952B7EA3BC00B1452A /* MultiCurrencyMoneyTests */ = {
			isa = PBXGroup;
			children = (
				85938C962B7EA3BC00B1452A /* MultiCurrencyMoneyTests.swift */,
			);
			path = MultiCurrencyMoneyTests;
			sourceTree = "<group>";
		};
/* End PBXGroup section */

/* Begin PBXHeadersBuildPhase section */
		85938C842B7EA3BB00B1452A /* Headers */ = {
			isa = PBXHeadersBuildPhase;
			buildActionMask = 2147483647;
			files = (
				85938C982B7EA3BC00B1452A /* MultiCurrencyMoney.h in Headers */,
			);
			runOnlyForDeploymentPostprocessing = 0;
		};
/* End PBXHeadersBuildPhase section */

/* Begin PBXNativeTarget section */
		85938C882B7EA3BB00B1452A /* MultiCurrencyMoney */ = {
			isa = PBXNativeTarget;
			buildConfigurationList = 85938C9B2B7EA3BC00B1452A /* Build configuration list for PBXNativeTarget "MultiCurrencyMoney" */;
			buildPhases = (
				85938C842B7EA3BB00B1452A /* Headers */,
				85938C852B7EA3BB00B1452A /* Sources */,
				85938C862B7EA3BB00B1452A /* Frameworks */,
				85938C872B7EA3BB00B1452A /* Resources */,
			);
			buildRules = (
			);
			dependencies = (
			);
			name = MultiCurrencyMoney;
			productName = MultiCurrencyMoney;
			productReference = 85938C892B7EA3BB00B1452A /* MultiCurrencyMoney.framework */;
			productType = "com.apple.product-type.framework";
		};
		85938C902B7EA3BC00B1452A /* MultiCurrencyMoneyTests */ = {
			isa = PBXNativeTarget;
			buildConfigurationList = 85938C9E2B7EA3BC00B1452A /* Build configuration list for PBXNativeTarget "MultiCurrencyMoneyTests" */;
			buildPhases = (
				85938C8D2B7EA3BC00B1452A /* Sources */,
				85938C8E2B7EA3BC00B1452A /* Frameworks */,
				85938C8F2B7EA3BC00B1452A /* Resources */,
			);
			buildRules = (
			);
			dependencies = (
				85938C942B7EA3BC00B1452A /* PBXTargetDependency */,
			);
			name = MultiCurrencyMoneyTests;
			productName = MultiCurrencyMoneyTests;
			productReference = 85938C912B7EA3BC00B1452A /* MultiCurrencyMoneyTests.xctest */;
			productType = "com.apple.product-type.bundle.unit-test";
		};
/* End PBXNativeTarget section */

/* Begin PBXProject section */
		85938C802B7EA3BB00B1452A /* Project object */ = {
			isa = PBXProject;
			attributes = {
				BuildIndependentTargetsInParallel = 1;
				LastSwiftUpdateCheck = 1500;
				LastUpgradeCheck = 1500;
				TargetAttributes = {
					85938C882B7EA3BB00B1452A = {
						CreatedOnToolsVersion = 15.0;
					};
					85938C902B7EA3BC00B1452A = {
						CreatedOnToolsVersion = 15.0;
					};
				};
			};
			buildConfigurationList = 85938C832B7EA3BB00B1452A /* Build configuration list for PBXProject "MultiCurrencyMoney" */;
			compatibilityVersion = "Xcode 14.0";
			developmentRegion = en;
			hasScannedForEncodings = 0;
			knownRegions = (
				en,
				Base,
			);
			mainGroup = 85938C7F2B7EA3BB00B1452A;
			productRefGroup = 85938C8A2B7EA3BB00B1452A /* Products */;
			projectDirPath = "";
			projectRoot = "";
			targets = (
				85938C882B7EA3BB00B1452A /* MultiCurrencyMoney */,
				85938C902B7EA3BC00B1452A /* MultiCurrencyMoneyTests */,
			);
		};
/* End PBXProject section */

/* Begin PBXResourcesBuildPhase section */
		85938C872B7EA3BB00B1452A /* Resources */ = {
			isa = PBXResourcesBuildPhase;
			buildActionMask = 2147483647;
			files = (
			);
			runOnlyForDeploymentPostprocessing = 0;
		};
		85938C8F2B7EA3BC00B1452A /* Resources */ = {
			isa = PBXResourcesBuildPhase;
			buildActionMask = 2147483647;
			files = (
			);
			runOnlyForDeploymentPostprocessing = 0;
		};
/* End PBXResourcesBuildPhase section */

/* Begin PBXSourcesBuildPhase section */
		85938C852B7EA3BB00B1452A /* Sources */ = {
			isa = PBXSourcesBuildPhase;
			buildActionMask = 2147483647;
			files = (
			);
			runOnlyForDeploymentPostprocessing = 0;
		};
		85938C8D2B7EA3BC00B1452A /* Sources */ = {
			isa = PBXSourcesBuildPhase;
			buildActionMask = 2147483647;
			files = (
				85938C972B7EA3BC00B1452A /* MultiCurrencyMoneyTests.swift in Sources */,
			);
			runOnlyForDeploymentPostprocessing = 0;
		};
/* End PBXSourcesBuildPhase section */

/* Begin PBXTargetDependency section */
		85938C942B7EA3BC00B1452A /* PBXTargetDependency */ = {
			isa = PBXTargetDependency;
			target = 85938C882B7EA3BB00B1452A /* MultiCurrencyMoney */;
			targetProxy = 85938C932B7EA3BC00B1452A /* PBXContainerItemProxy */;
		};
/* End PBXTargetDependency section */

/* Begin XCBuildConfiguration section */
		85938C992B7EA3BC00B1452A /* Debug */ = {
			isa = XCBuildConfiguration;
			buildSettings = {
				ALWAYS_SEARCH_USER_PATHS = NO;
				ASSETCATALOG_COMPILER_GENERATE_SWIFT_ASSET_SYMBOL_EXTENSIONS = YES;
				CLANG_ANALYZER_NONNULL = YES;
				CLANG_ANALYZER_NUMBER_OBJECT_CONVERSION = YES_AGGRESSIVE;
				CLANG_CXX_LANGUAGE_STANDARD = "gnu++20";
				CLANG_ENABLE_MODULES = YES;
				CLANG_ENABLE_OBJC_ARC = YES;
				CLANG_ENABLE_OBJC_WEAK = YES;
				CLANG_WARN_BLOCK_CAPTURE_AUTORELEASING = YES;
				CLANG_WARN_BOOL_CONVERSION = YES;
				CLANG_WARN_COMMA = YES;
				CLANG_WARN_CONSTANT_CONVERSION = YES;
				CLANG_WARN_DEPRECATED_OBJC_IMPLEMENTATIONS = YES;
				CLANG_WARN_DIRECT_OBJC_ISA_USAGE = YES_ERROR;
				CLANG_WARN_DOCUMENTATION_COMMENTS = YES;
				CLANG_WARN_EMPTY_BODY = YES;
				CLANG_WARN_ENUM_CONVERSION = YES;
				CLANG_WARN_INFINITE_RECURSION = YES;
				CLANG_WARN_INT_CONVERSION = YES;
				CLANG_WARN_NON_LITERAL_NULL_CONVERSION = YES;
				CLANG_WARN_OBJC_IMPLICIT_RETAIN_SELF = YES;
				CLANG_WARN_OBJC_LITERAL_CONVERSION = YES;
				CLANG_WARN_OBJC_ROOT_CLASS = YES_ERROR;
				CLANG_WARN_QUOTED_INCLUDE_IN_FRAMEWORK_HEADER = YES;
				CLANG_WARN_RANGE_LOOP_ANALYSIS = YES;
				CLANG_WARN_STRICT_PROTOTYPES = YES;
				CLANG_WARN_SUSPICIOUS_MOVE = YES;
				CLANG_WARN_UNGUARDED_AVAILABILITY = YES_AGGRESSIVE;
				CLANG_WARN_UNREACHABLE_CODE = YES;
				CLANG_WARN__DUPLICATE_METHOD_MATCH = YES;
				COPY_PHASE_STRIP = NO;
				CURRENT_PROJECT_VERSION = 1;
				DEBUG_INFORMATION_FORMAT = dwarf;
				ENABLE_STRICT_OBJC_MSGSEND = YES;
				ENABLE_TESTABILITY = YES;
				ENABLE_USER_SCRIPT_SANDBOXING = YES;
				GCC_C_LANGUAGE_STANDARD = gnu17;
				GCC_DYNAMIC_NO_PIC = NO;
				GCC_NO_COMMON_BLOCKS = YES;
				GCC_OPTIMIZATION_LEVEL = 0;
				GCC_PREPROCESSOR_DEFINITIONS = (
					"DEBUG=1",
					"$(inherited)",
				);
				GCC_WARN_64_TO_32_BIT_CONVERSION = YES;
				GCC_WARN_ABOUT_RETURN_TYPE = YES_ERROR;
				GCC_WARN_UNDECLARED_SELECTOR = YES;
				GCC_WARN_UNINITIALIZED_AUTOS = YES_AGGRESSIVE;
				GCC_WARN_UNUSED_FUNCTION = YES;
				GCC_WARN_UNUSED_VARIABLE = YES;
				LOCALIZATION_PREFERS_STRING_CATALOGS = YES;
				MACOSX_DEPLOYMENT_TARGET = 14.0;
				MTL_ENABLE_DEBUG_INFO = INCLUDE_SOURCE;
				MTL_FAST_MATH = YES;
				ONLY_ACTIVE_ARCH = YES;
				SDKROOT = macosx;
				SWIFT_ACTIVE_COMPILATION_CONDITIONS = "DEBUG $(inherited)";
				SWIFT_OPTIMIZATION_LEVEL = "-Onone";
				VERSIONING_SYSTEM = "apple-generic";
				VERSION_INFO_PREFIX = "";
			};
			name = Debug;
		};
		85938C9A2B7EA3BC00B1452A /* Release */ = {
			isa = XCBuildConfiguration;
			buildSettings = {
				ALWAYS_SEARCH_USER_PATHS = NO;
				ASSETCATALOG_COMPILER_GENERATE_SWIFT_ASSET_SYMBOL_EXTENSIONS = YES;
				CLANG_ANALYZER_NONNULL = YES;
				CLANG_ANALYZER_NUMBER_OBJECT_CONVERSION = YES_AGGRESSIVE;
				CLANG_CXX_LANGUAGE_STANDARD = "gnu++20";
				CLANG_ENABLE_MODULES = YES;
				CLANG_ENABLE_OBJC_ARC = YES;
				CLANG_ENABLE_OBJC_WEAK = YES;
				CLANG_WARN_BLOCK_CAPTURE_AUTORELEASING = YES;
				CLANG_WARN_BOOL_CONVERSION = YES;
				CLANG_WARN_COMMA = YES;
				CLANG_WARN_CONSTANT_CONVERSION = YES;
				CLANG_WARN_DEPRECATED_OBJC_IMPLEMENTATIONS = YES;
				CLANG_WARN_DIRECT_OBJC_ISA_USAGE = YES_ERROR;
				CLANG_WARN_DOCUMENTATION_COMMENTS = YES;
				CLANG_WARN_EMPTY_BODY = YES;
				CLANG_WARN_ENUM_CONVERSION = YES;
				CLANG_WARN_INFINITE_RECURSION = YES;
				CLANG_WARN_INT_CONVERSION = YES;
				CLANG_WARN_NON_LITERAL_NULL_CONVERSION = YES;
				CLANG_WARN_OBJC_IMPLICIT_RETAIN_SELF = YES;
				CLANG_WARN_OBJC_LITERAL_CONVERSION = YES;
				CLANG_WARN_OBJC_ROOT_CLASS = YES_ERROR;
				CLANG_WARN_QUOTED_INCLUDE_IN_FRAMEWORK_HEADER = YES;
				CLANG_WARN_RANGE_LOOP_ANALYSIS = YES;
				CLANG_WARN_STRICT_PROTOTYPES = YES;
				CLANG_WARN_SUSPICIOUS_MOVE = YES;
				CLANG_WARN_UNGUARDED_AVAILABILITY = YES_AGGRESSIVE;
				CLANG_WARN_UNREACHABLE_CODE = YES;
				CLANG_WARN__DUPLICATE_METHOD_MATCH = YES;
				COPY_PHASE_STRIP = NO;
				CURRENT_PROJECT_VERSION = 1;
				DEBUG_INFORMATION_FORMAT = "dwarf-with-dsym";
				ENABLE_NS_ASSERTIONS = NO;
				ENABLE_STRICT_OBJC_MSGSEND = YES;
				ENABLE_USER_SCRIPT_SANDBOXING = YES;
				GCC_C_LANGUAGE_STANDARD = gnu17;
				GCC_NO_COMMON_BLOCKS = YES;
				GCC_WARN_64_TO_32_BIT_CONVERSION = YES;
				GCC_WARN_ABOUT_RETURN_TYPE = YES_ERROR;
				GCC_WARN_UNDECLARED_SELECTOR = YES;
				GCC_WARN_UNINITIALIZED_AUTOS = YES_AGGRESSIVE;
				GCC_WARN_UNUSED_FUNCTION = YES;
				GCC_WARN_UNUSED_VARIABLE = YES;
				LOCALIZATION_PREFERS_STRING_CATALOGS = YES;
				MACOSX_DEPLOYMENT_TARGET = 14.0;
				MTL_ENABLE_DEBUG_INFO = NO;
				MTL_FAST_MATH = YES;
				SDKROOT = macosx;
				SWIFT_COMPILATION_MODE = wholemodule;
				VERSIONING_SYSTEM = "apple-generic";
				VERSION_INFO_PREFIX = "";
			};
			name = Release;
		};
		85938C9C2B7EA3BC00B1452A /* Debug */ = {
			isa = XCBuildConfiguration;
			buildSettings = {
				CODE_SIGN_STYLE = Automatic;
				COMBINE_HIDPI_IMAGES = YES;
				CURRENT_PROJECT_VERSION = 1;
				DEFINES_MODULE = YES;
				DEVELOPMENT_TEAM = 274M6WJ8NT;
				DYLIB_COMPATIBILITY_VERSION = 1;
				DYLIB_CURRENT_VERSION = 1;
				DYLIB_INSTALL_NAME_BASE = "@rpath";
				ENABLE_MODULE_VERIFIER = YES;
				GENERATE_INFOPLIST_FILE = YES;
				INFOPLIST_KEY_NSHumanReadableCopyright = "";
				INSTALL_PATH = "$(LOCAL_LIBRARY_DIR)/Frameworks";
				LD_RUNPATH_SEARCH_PATHS = (
					"$(inherited)",
					"@executable_path/../Frameworks",
					"@loader_path/Frameworks",
				);
				MARKETING_VERSION = 1.0;
				MODULE_VERIFIER_SUPPORTED_LANGUAGES = "objective-c objective-c++";
				MODULE_VERIFIER_SUPPORTED_LANGUAGE_STANDARDS = "gnu17 gnu++20";
				PRODUCT_BUNDLE_IDENTIFIER = com.matteocasu.MultiCurrencyMoney;
				PRODUCT_NAME = "$(TARGET_NAME:c99extidentifier)";
				SKIP_INSTALL = YES;
				SWIFT_EMIT_LOC_STRINGS = YES;
				SWIFT_VERSION = 5.0;
			};
			name = Debug;
		};
		85938C9D2B7EA3BC00B1452A /* Release */ = {
			isa = XCBuildConfiguration;
			buildSettings = {
				CODE_SIGN_STYLE = Automatic;
				COMBINE_HIDPI_IMAGES = YES;
				CURRENT_PROJECT_VERSION = 1;
				DEFINES_MODULE = YES;
				DEVELOPMENT_TEAM = 274M6WJ8NT;
				DYLIB_COMPATIBILITY_VERSION = 1;
				DYLIB_CURRENT_VERSION = 1;
				DYLIB_INSTALL_NAME_BASE = "@rpath";
				ENABLE_MODULE_VERIFIER = YES;
				GENERATE_INFOPLIST_FILE = YES;
				INFOPLIST_KEY_NSHumanReadableCopyright = "";
				INSTALL_PATH = "$(LOCAL_LIBRARY_DIR)/Frameworks";
				LD_RUNPATH_SEARCH_PATHS = (
					"$(inherited)",
					"@executable_path/../Frameworks",
					"@loader_path/Frameworks",
				);
				MARKETING_VERSION = 1.0;
				MODULE_VERIFIER_SUPPORTED_LANGUAGES = "objective-c objective-c++";
				MODULE_VERIFIER_SUPPORTED_LANGUAGE_STANDARDS = "gnu17 gnu++20";
				PRODUCT_BUNDLE_IDENTIFIER = com.matteocasu.MultiCurrencyMoney;
				PRODUCT_NAME = "$(TARGET_NAME:c99extidentifier)";
				SKIP_INSTALL = YES;
				SWIFT_EMIT_LOC_STRINGS = YES;
				SWIFT_VERSION = 5.0;
			};
			name = Release;
		};
		85938C9F2B7EA3BC00B1452A /* Debug */ = {
			isa = XCBuildConfiguration;
			buildSettings = {
				CODE_SIGN_STYLE = Automatic;
				CURRENT_PROJECT_VERSION = 1;
				DEVELOPMENT_TEAM = 274M6WJ8NT;
				GENERATE_INFOPLIST_FILE = YES;
				MARKETING_VERSION = 1.0;
				PRODUCT_BUNDLE_IDENTIFIER = com.matteocasu.MultiCurrencyMoneyTests;
				PRODUCT_NAME = "$(TARGET_NAME)";
				SWIFT_EMIT_LOC_STRINGS = NO;
				SWIFT_VERSION = 5.0;
			};
			name = Debug;
		};
		85938CA02B7EA3BC00B1452A /* Release */ = {
			isa = XCBuildConfiguration;
			buildSettings = {
				CODE_SIGN_STYLE = Automatic;
				CURRENT_PROJECT_VERSION = 1;
				DEVELOPMENT_TEAM = 274M6WJ8NT;
				GENERATE_INFOPLIST_FILE = YES;
				MARKETING_VERSION = 1.0;
				PRODUCT_BUNDLE_IDENTIFIER = com.matteocasu.MultiCurrencyMoneyTests;
				PRODUCT_NAME = "$(TARGET_NAME)";
				SWIFT_EMIT_LOC_STRINGS = NO;
				SWIFT_VERSION = 5.0;
			};
			name = Release;
		};
/* End XCBuildConfiguration section */

/* Begin XCConfigurationList section */
		85938C832B7EA3BB00B1452A /* Build configuration list for PBXProject "MultiCurrencyMoney" */ = {
			isa = XCConfigurationList;
			buildConfigurations = (
				85938C992B7EA3BC00B1452A /* Debug */,
				85938C9A2B7EA3BC00B1452A /* Release */,
			);
			defaultConfigurationIsVisible = 0;
			defaultConfigurationName = Release;
		};
		85938C9B2B7EA3BC00B1452A /* Build configuration list for PBXNativeTarget "MultiCurrencyMoney" */ = {
			isa = XCConfigurationList;
			buildConfigurations = (
				85938C9C2B7EA3BC00B1452A /* Debug */,
				85938C9D2B7EA3BC00B1452A /* Release */,
			);
			defaultConfigurationIsVisible = 0;
			defaultConfigurationName = Release;
		};
		85938C9E2B7EA3BC00B1452A /* Build configuration list for PBXNativeTarget "MultiCurrencyMoneyTests" */ = {
			isa = XCConfigurationList;
			buildConfigurations = (
				85938C9F2B7EA3BC00B1452A /* Debug */,
				85938CA02B7EA3BC00B1452A /* Release */,
			);
			defaultConfigurationIsVisible = 0;
			defaultConfigurationName = Release;
		};
/* End XCConfigurationList section */
	};
	rootObject = 85938C802B7EA3BB00B1452A /* Project object */;
}
